{
  "originHash" : "385516b2eeba6fe80f1cae94aeba79a544ec04682fbb216d10217062607fdb46",
  "pins" : [
    {
      "identity" : "seamlesspay-ios",
      "kind" : "remoteSourceControl",
      "location" : "https://github.com/seamlesspay/seamlesspay-ios",
      "state" : {
        "revision" : "6455a9a6822db4d8b3086cfa816335086980d120",
        "version" : "2.3.0"
      }
    }
  ],
  "version" : 3
}
