{
  "originHash" : "385516b2eeba6fe80f1cae94aeba79a544ec04682fbb216d10217062607fdb46",
  "pins" : [
    {
      "identity" : "seamlesspay-ios",
      "kind" : "remoteSourceControl",
      "location" : "https://github.com/seamlesspay/seamlesspay-ios",
      "state" : {
        "revision" : "a5929f6dbde9ebb6f11baab1fdd083b27ec39e2b",
        "version" : "2.5.0-rc1"
      }
    }
  ],
  "version" : 3
}
