// !$*UTF8*$!
{
	archiveVersion = 1;
	classes = {
	};
	objectVersion = 56;
	objects = {

/* Begin PBXBuildFile section */
		6303B3C42C7D17990066BB43 /* SeamlessPay in Frameworks */ = {isa = PBXBuildFile; productRef = 6303B3C32C7D17990066BB43 /* SeamlessPay */; };
		6306BF1A2C2F30D000619455 /* SeamlessPay in Frameworks */ = {isa = PBXBuildFile; productRef = 6306BF192C2F30D000619455 /* SeamlessPay */; };
		6306BF202C30367000619455 /* SeamlessPay in Frameworks */ = {isa = PBXBuildFile; productRef = 6306BF1F2C30367000619455 /* SeamlessPay */; };
		6306E17A2CE8C7DB00E90989 /* SeamlessPay in Frameworks */ = {isa = PBXBuildFile; productRef = 6306E1792CE8C7DB00E90989 /* SeamlessPay */; };
		6312C9D02BEBB6EB00F99DC6 /* ExampleApp.swift in Sources */ = {isa = PBXBuildFile; fileRef = 6312C9CF2BEBB6EB00F99DC6 /* ExampleApp.swift */; };
		6312C9D22BEBB6EB00F99DC6 /* ContentView.swift in Sources */ = {isa = PBXBuildFile; fileRef = 6312C9D12BEBB6EB00F99DC6 /* ContentView.swift */; };
		6312C9D42BEBB6EC00F99DC6 /* Assets.xcassets in Resources */ = {isa = PBXBuildFile; fileRef = 6312C9D32BEBB6EC00F99DC6 /* Assets.xcassets */; };
		6312C9D72BEBB6EC00F99DC6 /* Preview Assets.xcassets in Resources */ = {isa = PBXBuildFile; fileRef = 6312C9D62BEBB6EC00F99DC6 /* Preview Assets.xcassets */; };
		6312C9E62BEBB74400F99DC6 /* SeamlessPay in Frameworks */ = {isa = PBXBuildFile; productRef = 6312C9E52BEBB74400F99DC6 /* SeamlessPay */; };
		63370D4D2C1F4378009511AA /* SeamlessPay in Frameworks */ = {isa = PBXBuildFile; productRef = 63370D4C2C1F4378009511AA /* SeamlessPay */; };
		634711D92CD1677F003DE102 /* SeamlessPay in Frameworks */ = {isa = PBXBuildFile; productRef = 634711D82CD1677F003DE102 /* SeamlessPay */; };
		634888262CA19386000900B1 /* SeamlessPay in Frameworks */ = {isa = PBXBuildFile; productRef = 634888252CA19386000900B1 /* SeamlessPay */; };
		6352CC912C1F30DF00E14F25 /* SeamlessPay in Frameworks */ = {isa = PBXBuildFile; productRef = 6352CC902C1F30DF00E14F25 /* SeamlessPay */; };
		6355C3C32C6D00FA00F405A0 /* SeamlessPay in Frameworks */ = {isa = PBXBuildFile; productRef = 6355C3C22C6D00FA00F405A0 /* SeamlessPay */; };
		635C30B92CB2B4EA00D4D647 /* RequestStatus.swift in Sources */ = {isa = PBXBuildFile; fileRef = 635C30B82CB2B4EA00D4D647 /* RequestStatus.swift */; };
		635C30BB2CB2B5E300D4D647 /* ContentType.swift in Sources */ = {isa = PBXBuildFile; fileRef = 635C30BA2CB2B5E300D4D647 /* ContentType.swift */; };
		635C30BD2CB2C66800D4D647 /* CardFormContent.swift in Sources */ = {isa = PBXBuildFile; fileRef = 635C30BC2CB2C66800D4D647 /* CardFormContent.swift */; };
		63604EA22D1373D900328124 /* SeamlessPay in Frameworks */ = {isa = PBXBuildFile; productRef = 63604EA12D1373D900328124 /* SeamlessPay */; };
		63604EDA2D1450A300328124 /* ApplePaySimulatorNotice.swift in Sources */ = {isa = PBXBuildFile; fileRef = 63604ED92D1450A300328124 /* ApplePaySimulatorNotice.swift */; };
		63635CD62C6CF07D005E5F03 /* CardFormUI.swift in Sources */ = {isa = PBXBuildFile; fileRef = 63635CD52C6CF07D005E5F03 /* CardFormUI.swift */; };
		6367EA102C4E858C00CAB2BF /* SeamlessPay in Frameworks */ = {isa = PBXBuildFile; productRef = 6367EA0F2C4E858C00CAB2BF /* SeamlessPay */; };
		638AF6E22CF37B4C0013E3E4 /* SeamlessPay in Frameworks */ = {isa = PBXBuildFile; productRef = 638AF6E12CF37B4C0013E3E4 /* SeamlessPay */; };
		638AF6E52CF37B830013E3E4 /* SeamlessPay in Frameworks */ = {isa = PBXBuildFile; productRef = 638AF6E42CF37B830013E3E4 /* SeamlessPay */; };
		63991E8B2C4EBF28009C71D8 /* SeamlessPay in Frameworks */ = {isa = PBXBuildFile; productRef = 63991E8A2C4EBF28009C71D8 /* SeamlessPay */; };
		63CB0D0A2D7633F600BE28B0 /* SeamlessPay in Frameworks */ = {isa = PBXBuildFile; productRef = 63CB0D092D7633F600BE28B0 /* SeamlessPay */; };
		63CB0D0D2D7643D300BE28B0 /* SeamlessPay in Frameworks */ = {isa = PBXBuildFile; productRef = 63CB0D0C2D7643D300BE28B0 /* SeamlessPay */; };
		63D145A42BF60B360010451D /* SDKResponse+CustomDebugStringConvertible.swift in Sources */ = {isa = PBXBuildFile; fileRef = 63D145A32BF60B360010451D /* SDKResponse+CustomDebugStringConvertible.swift */; };
		63D58E5E2D0780C6007B33EC /* ApplePayButtonUI.swift in Sources */ = {isa = PBXBuildFile; fileRef = 63D58E5D2D0780C6007B33EC /* ApplePayButtonUI.swift */; };
		63DE0DCD2C7512E700DA1E86 /* SeamlessPay in Frameworks */ = {isa = PBXBuildFile; productRef = 63DE0DCC2C7512E700DA1E86 /* SeamlessPay */; };
		63DE0DD02C751B1500DA1E86 /* SeamlessPay in Frameworks */ = {isa = PBXBuildFile; productRef = 63DE0DCF2C751B1500DA1E86 /* SeamlessPay */; };
		63DE0DDF2C760A7F00DA1E86 /* SeamlessPay in Frameworks */ = {isa = PBXBuildFile; productRef = 63DE0DDE2C760A7F00DA1E86 /* SeamlessPay */; };
		63E12E152D05E32700596EFF /* SeamlessPay in Frameworks */ = {isa = PBXBuildFile; productRef = 63E12E142D05E32700596EFF /* SeamlessPay */; };
		63E12E172D05E3F700596EFF /* ApplePayContent.swift in Sources */ = {isa = PBXBuildFile; fileRef = 63E12E162D05E3F700596EFF /* ApplePayContent.swift */; };
		63EA21042CF79B9000F0AA6D /* SeamlessPay in Frameworks */ = {isa = PBXBuildFile; productRef = 63EA21032CF79B9000F0AA6D /* SeamlessPay */; };
		C81801452D9EA428006E7338 /* SeamlessPay in Frameworks */ = {isa = PBXBuildFile; productRef = C81801442D9EA428006E7338 /* SeamlessPay */; };
		C84371942D95A4BC007E2484 /* SeamlessPay in Frameworks */ = {isa = PBXBuildFile; productRef = C84371932D95A4BC007E2484 /* SeamlessPay */; };
		C84674522DB257B5006B2580 /* TransactionOptionsView.swift in Sources */ = {isa = PBXBuildFile; fileRef = C84674512DB257B5006B2580 /* TransactionOptionsView.swift */; };
		C86306F42D78777C002899CA /* SeamlessPay in Frameworks */ = {isa = PBXBuildFile; productRef = C86306F32D78777C002899CA /* SeamlessPay */; };
		C86306FB2D78D23E002899CA /* SeamlessPay in Frameworks */ = {isa = PBXBuildFile; productRef = C86306FA2D78D23E002899CA /* SeamlessPay */; };
		C8B5323A2D9A8F1D00F3004A /* SeamlessPay in Frameworks */ = {isa = PBXBuildFile; productRef = C8B532392D9A8F1D00F3004A /* SeamlessPay */; };
/* End PBXBuildFile section */

/* Begin PBXFileReference section */
		6312C9CC2BEBB6EB00F99DC6 /* ios-sdk-example.app */ = {isa = PBXFileReference; explicitFileType = wrapper.application; includeInIndex = 0; path = "ios-sdk-example.app"; sourceTree = BUILT_PRODUCTS_DIR; };
		6312C9CF2BEBB6EB00F99DC6 /* ExampleApp.swift */ = {isa = PBXFileReference; lastKnownFileType = sourcecode.swift; path = ExampleApp.swift; sourceTree = "<group>"; };
		6312C9D12BEBB6EB00F99DC6 /* ContentView.swift */ = {isa = PBXFileReference; lastKnownFileType = sourcecode.swift; path = ContentView.swift; sourceTree = "<group>"; };
		6312C9D32BEBB6EC00F99DC6 /* Assets.xcassets */ = {isa = PBXFileReference; lastKnownFileType = folder.assetcatalog; path = Assets.xcassets; sourceTree = "<group>"; };
		6312C9D62BEBB6EC00F99DC6 /* Preview Assets.xcassets */ = {isa = PBXFileReference; lastKnownFileType = folder.assetcatalog; path = "Preview Assets.xcassets"; sourceTree = "<group>"; };
		635C30B82CB2B4EA00D4D647 /* RequestStatus.swift */ = {isa = PBXFileReference; lastKnownFileType = sourcecode.swift; path = RequestStatus.swift; sourceTree = "<group>"; };
		635C30BA2CB2B5E300D4D647 /* ContentType.swift */ = {isa = PBXFileReference; lastKnownFileType = sourcecode.swift; path = ContentType.swift; sourceTree = "<group>"; };
		635C30BC2CB2C66800D4D647 /* CardFormContent.swift */ = {isa = PBXFileReference; lastKnownFileType = sourcecode.swift; path = CardFormContent.swift; sourceTree = "<group>"; };
		63604E972D0DA3E700328124 /* ios-sdk-example.entitlements */ = {isa = PBXFileReference; lastKnownFileType = text.plist.entitlements; path = "ios-sdk-example.entitlements"; sourceTree = "<group>"; };
		63604ED92D1450A300328124 /* ApplePaySimulatorNotice.swift */ = {isa = PBXFileReference; lastKnownFileType = sourcecode.swift; path = ApplePaySimulatorNotice.swift; sourceTree = "<group>"; };
		63635CD52C6CF07D005E5F03 /* CardFormUI.swift */ = {isa = PBXFileReference; lastKnownFileType = sourcecode.swift; path = CardFormUI.swift; sourceTree = "<group>"; };
		63D145A32BF60B360010451D /* SDKResponse+CustomDebugStringConvertible.swift */ = {isa = PBXFileReference; lastKnownFileType = sourcecode.swift; path = "SDKResponse+CustomDebugStringConvertible.swift"; sourceTree = "<group>"; };
		63D58E5D2D0780C6007B33EC /* ApplePayButtonUI.swift */ = {isa = PBXFileReference; lastKnownFileType = sourcecode.swift; path = ApplePayButtonUI.swift; sourceTree = "<group>"; };
		63E12E162D05E3F700596EFF /* ApplePayContent.swift */ = {isa = PBXFileReference; lastKnownFileType = sourcecode.swift; path = ApplePayContent.swift; sourceTree = "<group>"; };
		C84674512DB257B5006B2580 /* TransactionOptionsView.swift */ = {isa = PBXFileReference; lastKnownFileType = sourcecode.swift; path = TransactionOptionsView.swift; sourceTree = "<group>"; };
/* End PBXFileReference section */

/* Begin PBXFrameworksBuildPhase section */
		6312C9C92BEBB6EB00F99DC6 /* Frameworks */ = {
			isa = PBXFrameworksBuildPhase;
			buildActionMask = 2147483647;
			files = (
				C86306F42D78777C002899CA /* SeamlessPay in Frameworks */,
				63CB0D0D2D7643D300BE28B0 /* SeamlessPay in Frameworks */,
				63DE0DDF2C760A7F00DA1E86 /* SeamlessPay in Frameworks */,
				6367EA102C4E858C00CAB2BF /* SeamlessPay in Frameworks */,
				C84371942D95A4BC007E2484 /* SeamlessPay in Frameworks */,
				638AF6E22CF37B4C0013E3E4 /* SeamlessPay in Frameworks */,
				638AF6E52CF37B830013E3E4 /* SeamlessPay in Frameworks */,
				63370D4D2C1F4378009511AA /* SeamlessPay in Frameworks */,
				6355C3C32C6D00FA00F405A0 /* SeamlessPay in Frameworks */,
				63EA21042CF79B9000F0AA6D /* SeamlessPay in Frameworks */,
				63E12E152D05E32700596EFF /* SeamlessPay in Frameworks */,
				6352CC912C1F30DF00E14F25 /* SeamlessPay in Frameworks */,
				63DE0DD02C751B1500DA1E86 /* SeamlessPay in Frameworks */,
				6303B3C42C7D17990066BB43 /* SeamlessPay in Frameworks */,
				6306BF1A2C2F30D000619455 /* SeamlessPay in Frameworks */,
				63CB0D0A2D7633F600BE28B0 /* SeamlessPay in Frameworks */,
				6312C9E62BEBB74400F99DC6 /* SeamlessPay in Frameworks */,
				6306E17A2CE8C7DB00E90989 /* SeamlessPay in Frameworks */,
				63604EA22D1373D900328124 /* SeamlessPay in Frameworks */,
				C86306FB2D78D23E002899CA /* SeamlessPay in Frameworks */,
				634888262CA19386000900B1 /* SeamlessPay in Frameworks */,
				63DE0DCD2C7512E700DA1E86 /* SeamlessPay in Frameworks */,
				C8B5323A2D9A8F1D00F3004A /* SeamlessPay in Frameworks */,
				63991E8B2C4EBF28009C71D8 /* SeamlessPay in Frameworks */,
				C81801452D9EA428006E7338 /* SeamlessPay in Frameworks */,
				634711D92CD1677F003DE102 /* SeamlessPay in Frameworks */,
				6306BF202C30367000619455 /* SeamlessPay in Frameworks */,
			);
			runOnlyForDeploymentPostprocessing = 0;
		};
/* End PBXFrameworksBuildPhase section */

/* Begin PBXGroup section */
		6312C9C32BEBB6EB00F99DC6 = {
			isa = PBXGroup;
			children = (
				63604E972D0DA3E700328124 /* ios-sdk-example.entitlements */,
				6312C9CE2BEBB6EB00F99DC6 /* Example */,
				6312C9CD2BEBB6EB00F99DC6 /* Products */,
			);
			sourceTree = "<group>";
		};
		6312C9CD2BEBB6EB00F99DC6 /* Products */ = {
			isa = PBXGroup;
			children = (
				6312C9CC2BEBB6EB00F99DC6 /* ios-sdk-example.app */,
			);
			name = Products;
			sourceTree = "<group>";
		};
		6312C9CE2BEBB6EB00F99DC6 /* Example */ = {
			isa = PBXGroup;
			children = (
				63604ED82D144FDE00328124 /* Utils */,
				635C30B72CB2B4DF00D4D647 /* Models */,
				6312C9DD2BEBB71200F99DC6 /* Views */,
				6312C9CF2BEBB6EB00F99DC6 /* ExampleApp.swift */,
				6312C9D32BEBB6EC00F99DC6 /* Assets.xcassets */,
				6312C9D52BEBB6EC00F99DC6 /* Preview Content */,
				63D145A32BF60B360010451D /* SDKResponse+CustomDebugStringConvertible.swift */,
			);
			path = Example;
			sourceTree = "<group>";
		};
		6312C9D52BEBB6EC00F99DC6 /* Preview Content */ = {
			isa = PBXGroup;
			children = (
				6312C9D62BEBB6EC00F99DC6 /* Preview Assets.xcassets */,
			);
			path = "Preview Content";
			sourceTree = "<group>";
		};
		6312C9DD2BEBB71200F99DC6 /* Views */ = {
			isa = PBXGroup;
			children = (
				6312C9D12BEBB6EB00F99DC6 /* ContentView.swift */,
				63E12E162D05E3F700596EFF /* ApplePayContent.swift */,
				63635CD52C6CF07D005E5F03 /* CardFormUI.swift */,
				63D58E5D2D0780C6007B33EC /* ApplePayButtonUI.swift */,
				635C30BC2CB2C66800D4D647 /* CardFormContent.swift */,
				C84674512DB257B5006B2580 /* TransactionOptionsView.swift */,
			);
			path = Views;
			sourceTree = "<group>";
		};
		635C30B72CB2B4DF00D4D647 /* Models */ = {
			isa = PBXGroup;
			children = (
				635C30B82CB2B4EA00D4D647 /* RequestStatus.swift */,
				635C30BA2CB2B5E300D4D647 /* ContentType.swift */,
			);
			path = Models;
			sourceTree = "<group>";
		};
		63604ED82D144FDE00328124 /* Utils */ = {
			isa = PBXGroup;
			children = (
				63604ED92D1450A300328124 /* ApplePaySimulatorNotice.swift */,
			);
			path = Utils;
			sourceTree = "<group>";
		};
/* End PBXGroup section */

/* Begin PBXNativeTarget section */
		6312C9CB2BEBB6EB00F99DC6 /* ios-sdk-example */ = {
			isa = PBXNativeTarget;
			buildConfigurationList = 6312C9DA2BEBB6EC00F99DC6 /* Build configuration list for PBXNativeTarget "ios-sdk-example" */;
			buildPhases = (
				6312C9C82BEBB6EB00F99DC6 /* Sources */,
				6312C9C92BEBB6EB00F99DC6 /* Frameworks */,
				6312C9CA2BEBB6EB00F99DC6 /* Resources */,
			);
			buildRules = (
			);
			dependencies = (
			);
			name = "ios-sdk-example";
			packageProductDependencies = (
				6312C9E52BEBB74400F99DC6 /* SeamlessPay */,
				6352CC902C1F30DF00E14F25 /* SeamlessPay */,
				63370D4C2C1F4378009511AA /* SeamlessPay */,
				6306BF192C2F30D000619455 /* SeamlessPay */,
				6306BF1F2C30367000619455 /* SeamlessPay */,
				6367EA0F2C4E858C00CAB2BF /* SeamlessPay */,
				63991E8A2C4EBF28009C71D8 /* SeamlessPay */,
				6355C3C22C6D00FA00F405A0 /* SeamlessPay */,
				63DE0DCC2C7512E700DA1E86 /* SeamlessPay */,
				63DE0DCF2C751B1500DA1E86 /* SeamlessPay */,
				63DE0DDE2C760A7F00DA1E86 /* SeamlessPay */,
				6303B3C32C7D17990066BB43 /* SeamlessPay */,
				634888252CA19386000900B1 /* SeamlessPay */,
				634711D82CD1677F003DE102 /* SeamlessPay */,
				6306E1792CE8C7DB00E90989 /* SeamlessPay */,
				638AF6E12CF37B4C0013E3E4 /* SeamlessPay */,
				638AF6E42CF37B830013E3E4 /* SeamlessPay */,
				63EA21032CF79B9000F0AA6D /* SeamlessPay */,
				63E12E142D05E32700596EFF /* SeamlessPay */,
				63604EA12D1373D900328124 /* SeamlessPay */,
				63CB0D092D7633F600BE28B0 /* SeamlessPay */,
				63CB0D0C2D7643D300BE28B0 /* SeamlessPay */,
				C86306F32D78777C002899CA /* SeamlessPay */,
				C86306FA2D78D23E002899CA /* SeamlessPay */,
				C84371932D95A4BC007E2484 /* SeamlessPay */,
				C8B532392D9A8F1D00F3004A /* SeamlessPay */,
				C81801442D9EA428006E7338 /* SeamlessPay */,
			);
			productName = Demo;
			productReference = 6312C9CC2BEBB6EB00F99DC6 /* ios-sdk-example.app */;
			productType = "com.apple.product-type.application";
		};
/* End PBXNativeTarget section */

/* Begin PBXProject section */
		6312C9C42BEBB6EB00F99DC6 /* Project object */ = {
			isa = PBXProject;
			attributes = {
				BuildIndependentTargetsInParallel = 1;
				LastSwiftUpdateCheck = 1520;
				LastUpgradeCheck = 1520;
				TargetAttributes = {
					6312C9CB2BEBB6EB00F99DC6 = {
						CreatedOnToolsVersion = 15.2;
					};
				};
			};
			buildConfigurationList = 6312C9C72BEBB6EB00F99DC6 /* Build configuration list for PBXProject "ios-sdk-example" */;
			compatibilityVersion = "Xcode 14.0";
			developmentRegion = en;
			hasScannedForEncodings = 0;
			knownRegions = (
				en,
				Base,
			);
			mainGroup = 6312C9C32BEBB6EB00F99DC6;
			packageReferences = (
				C81801432D9EA428006E7338 /* XCRemoteSwiftPackageReference "seamlesspay-ios" */,
			);
			productRefGroup = 6312C9CD2BEBB6EB00F99DC6 /* Products */;
			projectDirPath = "";
			projectRoot = "";
			targets = (
				6312C9CB2BEBB6EB00F99DC6 /* ios-sdk-example */,
			);
		};
/* End PBXProject section */

/* Begin PBXResourcesBuildPhase section */
		6312C9CA2BEBB6EB00F99DC6 /* Resources */ = {
			isa = PBXResourcesBuildPhase;
			buildActionMask = 2147483647;
			files = (
				6312C9D72BEBB6EC00F99DC6 /* Preview Assets.xcassets in Resources */,
				6312C9D42BEBB6EC00F99DC6 /* Assets.xcassets in Resources */,
			);
			runOnlyForDeploymentPostprocessing = 0;
		};
/* End PBXResourcesBuildPhase section */

/* Begin PBXSourcesBuildPhase section */
		6312C9C82BEBB6EB00F99DC6 /* Sources */ = {
			isa = PBXSourcesBuildPhase;
			buildActionMask = 2147483647;
			files = (
				63604EDA2D1450A300328124 /* ApplePaySimulatorNotice.swift in Sources */,
				6312C9D22BEBB6EB00F99DC6 /* ContentView.swift in Sources */,
				63D58E5E2D0780C6007B33EC /* ApplePayButtonUI.swift in Sources */,
				63E12E172D05E3F700596EFF /* ApplePayContent.swift in Sources */,
				63635CD62C6CF07D005E5F03 /* CardFormUI.swift in Sources */,
				635C30BD2CB2C66800D4D647 /* CardFormContent.swift in Sources */,
				C84674522DB257B5006B2580 /* TransactionOptionsView.swift in Sources */,
				6312C9D02BEBB6EB00F99DC6 /* ExampleApp.swift in Sources */,
				635C30B92CB2B4EA00D4D647 /* RequestStatus.swift in Sources */,
				63D145A42BF60B360010451D /* SDKResponse+CustomDebugStringConvertible.swift in Sources */,
				635C30BB2CB2B5E300D4D647 /* ContentType.swift in Sources */,
			);
			runOnlyForDeploymentPostprocessing = 0;
		};
/* End PBXSourcesBuildPhase section */

/* Begin XCBuildConfiguration section */
		6312C9D82BEBB6EC00F99DC6 /* Debug */ = {
			isa = XCBuildConfiguration;
			buildSettings = {
				ALWAYS_SEARCH_USER_PATHS = NO;
				ASSETCATALOG_COMPILER_GENERATE_SWIFT_ASSET_SYMBOL_EXTENSIONS = YES;
				CLANG_ANALYZER_NONNULL = YES;
				CLANG_ANALYZER_NUMBER_OBJECT_CONVERSION = YES_AGGRESSIVE;
				CLANG_CXX_LANGUAGE_STANDARD = "gnu++20";
				CLANG_ENABLE_MODULES = YES;
				CLANG_ENABLE_OBJC_ARC = YES;
				CLANG_ENABLE_OBJC_WEAK = YES;
				CLANG_WARN_BLOCK_CAPTURE_AUTORELEASING = YES;
				CLANG_WARN_BOOL_CONVERSION = YES;
				CLANG_WARN_COMMA = YES;
				CLANG_WARN_CONSTANT_CONVERSION = YES;
				CLANG_WARN_DEPRECATED_OBJC_IMPLEMENTATIONS = YES;
				CLANG_WARN_DIRECT_OBJC_ISA_USAGE = YES_ERROR;
				CLANG_WARN_DOCUMENTATION_COMMENTS = YES;
				CLANG_WARN_EMPTY_BODY = YES;
				CLANG_WARN_ENUM_CONVERSION = YES;
				CLANG_WARN_INFINITE_RECURSION = YES;
				CLANG_WARN_INT_CONVERSION = YES;
				CLANG_WARN_NON_LITERAL_NULL_CONVERSION = YES;
				CLANG_WARN_OBJC_IMPLICIT_RETAIN_SELF = YES;
				CLANG_WARN_OBJC_LITERAL_CONVERSION = YES;
				CLANG_WARN_OBJC_ROOT_CLASS = YES_ERROR;
				CLANG_WARN_QUOTED_INCLUDE_IN_FRAMEWORK_HEADER = YES;
				CLANG_WARN_RANGE_LOOP_ANALYSIS = YES;
				CLANG_WARN_STRICT_PROTOTYPES = YES;
				CLANG_WARN_SUSPICIOUS_MOVE = YES;
				CLANG_WARN_UNGUARDED_AVAILABILITY = YES_AGGRESSIVE;
				CLANG_WARN_UNREACHABLE_CODE = YES;
				CLANG_WARN__DUPLICATE_METHOD_MATCH = YES;
				COPY_PHASE_STRIP = NO;
				DEBUG_INFORMATION_FORMAT = dwarf;
				ENABLE_STRICT_OBJC_MSGSEND = YES;
				ENABLE_TESTABILITY = YES;
				ENABLE_USER_SCRIPT_SANDBOXING = YES;
				GCC_C_LANGUAGE_STANDARD = gnu17;
				GCC_DYNAMIC_NO_PIC = NO;
				GCC_NO_COMMON_BLOCKS = YES;
				GCC_OPTIMIZATION_LEVEL = 0;
				GCC_PREPROCESSOR_DEFINITIONS = (
					"DEBUG=1",
					"$(inherited)",
				);
				GCC_WARN_64_TO_32_BIT_CONVERSION = YES;
				GCC_WARN_ABOUT_RETURN_TYPE = YES_ERROR;
				GCC_WARN_UNDECLARED_SELECTOR = YES;
				GCC_WARN_UNINITIALIZED_AUTOS = YES_AGGRESSIVE;
				GCC_WARN_UNUSED_FUNCTION = YES;
				GCC_WARN_UNUSED_VARIABLE = YES;
				IPHONEOS_DEPLOYMENT_TARGET = 17.2;
				LOCALIZATION_PREFERS_STRING_CATALOGS = YES;
				MTL_ENABLE_DEBUG_INFO = INCLUDE_SOURCE;
				MTL_FAST_MATH = YES;
				ONLY_ACTIVE_ARCH = YES;
				SDKROOT = iphoneos;
				SWIFT_ACTIVE_COMPILATION_CONDITIONS = "DEBUG $(inherited)";
				SWIFT_OPTIMIZATION_LEVEL = "-Onone";
			};
			name = Debug;
		};
		6312C9D92BEBB6EC00F99DC6 /* Release */ = {
			isa = XCBuildConfiguration;
			buildSettings = {
				ALWAYS_SEARCH_USER_PATHS = NO;
				ASSETCATALOG_COMPILER_GENERATE_SWIFT_ASSET_SYMBOL_EXTENSIONS = YES;
				CLANG_ANALYZER_NONNULL = YES;
				CLANG_ANALYZER_NUMBER_OBJECT_CONVERSION = YES_AGGRESSIVE;
				CLANG_CXX_LANGUAGE_STANDARD = "gnu++20";
				CLANG_ENABLE_MODULES = YES;
				CLANG_ENABLE_OBJC_ARC = YES;
				CLANG_ENABLE_OBJC_WEAK = YES;
				CLANG_WARN_BLOCK_CAPTURE_AUTORELEASING = YES;
				CLANG_WARN_BOOL_CONVERSION = YES;
				CLANG_WARN_COMMA = YES;
				CLANG_WARN_CONSTANT_CONVERSION = YES;
				CLANG_WARN_DEPRECATED_OBJC_IMPLEMENTATIONS = YES;
				CLANG_WARN_DIRECT_OBJC_ISA_USAGE = YES_ERROR;
				CLANG_WARN_DOCUMENTATION_COMMENTS = YES;
				CLANG_WARN_EMPTY_BODY = YES;
				CLANG_WARN_ENUM_CONVERSION = YES;
				CLANG_WARN_INFINITE_RECURSION = YES;
				CLANG_WARN_INT_CONVERSION = YES;
				CLANG_WARN_NON_LITERAL_NULL_CONVERSION = YES;
				CLANG_WARN_OBJC_IMPLICIT_RETAIN_SELF = YES;
				CLANG_WARN_OBJC_LITERAL_CONVERSION = YES;
				CLANG_WARN_OBJC_ROOT_CLASS = YES_ERROR;
				CLANG_WARN_QUOTED_INCLUDE_IN_FRAMEWORK_HEADER = YES;
				CLANG_WARN_RANGE_LOOP_ANALYSIS = YES;
				CLANG_WARN_STRICT_PROTOTYPES = YES;
				CLANG_WARN_SUSPICIOUS_MOVE = YES;
				CLANG_WARN_UNGUARDED_AVAILABILITY = YES_AGGRESSIVE;
				CLANG_WARN_UNREACHABLE_CODE = YES;
				CLANG_WARN__DUPLICATE_METHOD_MATCH = YES;
				COPY_PHASE_STRIP = NO;
				DEBUG_INFORMATION_FORMAT = "dwarf-with-dsym";
				ENABLE_NS_ASSERTIONS = NO;
				ENABLE_STRICT_OBJC_MSGSEND = YES;
				ENABLE_USER_SCRIPT_SANDBOXING = YES;
				GCC_C_LANGUAGE_STANDARD = gnu17;
				GCC_NO_COMMON_BLOCKS = YES;
				GCC_WARN_64_TO_32_BIT_CONVERSION = YES;
				GCC_WARN_ABOUT_RETURN_TYPE = YES_ERROR;
				GCC_WARN_UNDECLARED_SELECTOR = YES;
				GCC_WARN_UNINITIALIZED_AUTOS = YES_AGGRESSIVE;
				GCC_WARN_UNUSED_FUNCTION = YES;
				GCC_WARN_UNUSED_VARIABLE = YES;
				IPHONEOS_DEPLOYMENT_TARGET = 17.2;
				LOCALIZATION_PREFERS_STRING_CATALOGS = YES;
				MTL_ENABLE_DEBUG_INFO = NO;
				MTL_FAST_MATH = YES;
				SDKROOT = iphoneos;
				SWIFT_COMPILATION_MODE = wholemodule;
				VALIDATE_PRODUCT = YES;
			};
			name = Release;
		};
		6312C9DB2BEBB6EC00F99DC6 /* Debug */ = {
			isa = XCBuildConfiguration;
			buildSettings = {
				ASSETCATALOG_COMPILER_APPICON_NAME = AppIcon;
				ASSETCATALOG_COMPILER_GLOBAL_ACCENT_COLOR_NAME = AccentColor;
				CODE_SIGN_ENTITLEMENTS = "ios-sdk-example.entitlements";
				CODE_SIGN_STYLE = Automatic;
				CURRENT_PROJECT_VERSION = 1;
				DEVELOPMENT_ASSET_PATHS = "\"Example/Preview Content\"";
				DEVELOPMENT_TEAM = VVHY4NW744;
				ENABLE_PREVIEWS = YES;
				GENERATE_INFOPLIST_FILE = YES;
				INFOPLIST_KEY_CFBundleDisplayName = "SeamlessPay SDK Examples";
				INFOPLIST_KEY_UIApplicationSceneManifest_Generation = YES;
				INFOPLIST_KEY_UIApplicationSupportsIndirectInputEvents = YES;
				INFOPLIST_KEY_UILaunchScreen_Generation = YES;
				INFOPLIST_KEY_UISupportedInterfaceOrientations = UIInterfaceOrientationPortrait;
				IPHONEOS_DEPLOYMENT_TARGET = 17.2;
				LD_RUNPATH_SEARCH_PATHS = (
					"$(inherited)",
					"@executable_path/Frameworks",
				);
				MARKETING_VERSION = 5.0.0;
				PRODUCT_BUNDLE_IDENTIFIER = com.seamlesspay.demo;
				PRODUCT_NAME = "$(TARGET_NAME)";
				SWIFT_EMIT_LOC_STRINGS = YES;
				SWIFT_VERSION = 5.0;
				TARGETED_DEVICE_FAMILY = "1,2";
			};
			name = Debug;
		};
		6312C9DC2BEBB6EC00F99DC6 /* Release */ = {
			isa = XCBuildConfiguration;
			buildSettings = {
				ASSETCATALOG_COMPILER_APPICON_NAME = AppIcon;
				ASSETCATALOG_COMPILER_GLOBAL_ACCENT_COLOR_NAME = AccentColor;
				CODE_SIGN_ENTITLEMENTS = "ios-sdk-example.entitlements";
				CODE_SIGN_STYLE = Automatic;
				CURRENT_PROJECT_VERSION = 1;
				DEVELOPMENT_ASSET_PATHS = "\"Example/Preview Content\"";
				DEVELOPMENT_TEAM = VVHY4NW744;
				ENABLE_PREVIEWS = YES;
				GENERATE_INFOPLIST_FILE = YES;
				INFOPLIST_KEY_CFBundleDisplayName = "SeamlessPay SDK Examples";
				INFOPLIST_KEY_UIApplicationSceneManifest_Generation = YES;
				INFOPLIST_KEY_UIApplicationSupportsIndirectInputEvents = YES;
				INFOPLIST_KEY_UILaunchScreen_Generation = YES;
				INFOPLIST_KEY_UISupportedInterfaceOrientations = UIInterfaceOrientationPortrait;
				IPHONEOS_DEPLOYMENT_TARGET = 17.2;
				LD_RUNPATH_SEARCH_PATHS = (
					"$(inherited)",
					"@executable_path/Frameworks",
				);
				MARKETING_VERSION = 5.0.0;
				PRODUCT_BUNDLE_IDENTIFIER = com.seamlesspay.demo;
				PRODUCT_NAME = "$(TARGET_NAME)";
				SWIFT_EMIT_LOC_STRINGS = YES;
				SWIFT_VERSION = 5.0;
				TARGETED_DEVICE_FAMILY = "1,2";
			};
			name = Release;
		};
/* End XCBuildConfiguration section */

/* Begin XCConfigurationList section */
		6312C9C72BEBB6EB00F99DC6 /* Build configuration list for PBXProject "ios-sdk-example" */ = {
			isa = XCConfigurationList;
			buildConfigurations = (
				6312C9D82BEBB6EC00F99DC6 /* Debug */,
				6312C9D92BEBB6EC00F99DC6 /* Release */,
			);
			defaultConfigurationIsVisible = 0;
			defaultConfigurationName = Release;
		};
		6312C9DA2BEBB6EC00F99DC6 /* Build configuration list for PBXNativeTarget "ios-sdk-example" */ = {
			isa = XCConfigurationList;
			buildConfigurations = (
				6312C9DB2BEBB6EC00F99DC6 /* Debug */,
				6312C9DC2BEBB6EC00F99DC6 /* Release */,
			);
			defaultConfigurationIsVisible = 0;
			defaultConfigurationName = Release;
		};
/* End XCConfigurationList section */

/* Begin XCRemoteSwiftPackageReference section */
		C81801432D9EA428006E7338 /* XCRemoteSwiftPackageReference "seamlesspay-ios" */ = {
			isa = XCRemoteSwiftPackageReference;
			repositoryURL = "https://github.com/seamlesspay/seamlesspay-ios";
			requirement = {
				kind = exactVersion;
				version = 2.5.1;
			};
		};
/* End XCRemoteSwiftPackageReference section */

/* Begin XCSwiftPackageProductDependency section */
		6303B3C32C7D17990066BB43 /* SeamlessPay */ = {
			isa = XCSwiftPackageProductDependency;
			productName = SeamlessPay;
		};
		6306BF192C2F30D000619455 /* SeamlessPay */ = {
			isa = XCSwiftPackageProductDependency;
			productName = SeamlessPay;
		};
		6306BF1F2C30367000619455 /* SeamlessPay */ = {
			isa = XCSwiftPackageProductDependency;
			productName = SeamlessPay;
		};
		6306E1792CE8C7DB00E90989 /* SeamlessPay */ = {
			isa = XCSwiftPackageProductDependency;
			productName = SeamlessPay;
		};
		6312C9E52BEBB74400F99DC6 /* SeamlessPay */ = {
			isa = XCSwiftPackageProductDependency;
			productName = SeamlessPay;
		};
		63370D4C2C1F4378009511AA /* SeamlessPay */ = {
			isa = XCSwiftPackageProductDependency;
			productName = SeamlessPay;
		};
		634711D82CD1677F003DE102 /* SeamlessPay */ = {
			isa = XCSwiftPackageProductDependency;
			productName = SeamlessPay;
		};
		634888252CA19386000900B1 /* SeamlessPay */ = {
			isa = XCSwiftPackageProductDependency;
			productName = SeamlessPay;
		};
		6352CC902C1F30DF00E14F25 /* SeamlessPay */ = {
			isa = XCSwiftPackageProductDependency;
			productName = SeamlessPay;
		};
		6355C3C22C6D00FA00F405A0 /* SeamlessPay */ = {
			isa = XCSwiftPackageProductDependency;
			productName = SeamlessPay;
		};
		63604EA12D1373D900328124 /* SeamlessPay */ = {
			isa = XCSwiftPackageProductDependency;
			productName = SeamlessPay;
		};
		6367EA0F2C4E858C00CAB2BF /* SeamlessPay */ = {
			isa = XCSwiftPackageProductDependency;
			productName = SeamlessPay;
		};
		638AF6E12CF37B4C0013E3E4 /* SeamlessPay */ = {
			isa = XCSwiftPackageProductDependency;
			productName = SeamlessPay;
		};
		638AF6E42CF37B830013E3E4 /* SeamlessPay */ = {
			isa = XCSwiftPackageProductDependency;
			productName = SeamlessPay;
		};
		63991E8A2C4EBF28009C71D8 /* SeamlessPay */ = {
			isa = XCSwiftPackageProductDependency;
			productName = SeamlessPay;
		};
		63CB0D092D7633F600BE28B0 /* SeamlessPay */ = {
			isa = XCSwiftPackageProductDependency;
			productName = SeamlessPay;
		};
		63CB0D0C2D7643D300BE28B0 /* SeamlessPay */ = {
			isa = XCSwiftPackageProductDependency;
			productName = SeamlessPay;
		};
		63DE0DCC2C7512E700DA1E86 /* SeamlessPay */ = {
			isa = XCSwiftPackageProductDependency;
			productName = SeamlessPay;
		};
		63DE0DCF2C751B1500DA1E86 /* SeamlessPay */ = {
			isa = XCSwiftPackageProductDependency;
			productName = SeamlessPay;
		};
		63DE0DDE2C760A7F00DA1E86 /* SeamlessPay */ = {
			isa = XCSwiftPackageProductDependency;
			productName = SeamlessPay;
		};
		63E12E142D05E32700596EFF /* SeamlessPay */ = {
			isa = XCSwiftPackageProductDependency;
			productName = SeamlessPay;
		};
		63EA21032CF79B9000F0AA6D /* SeamlessPay */ = {
			isa = XCSwiftPackageProductDependency;
			productName = SeamlessPay;
		};
		C81801442D9EA428006E7338 /* SeamlessPay */ = {
			isa = XCSwiftPackageProductDependency;
			package = C81801432D9EA428006E7338 /* XCRemoteSwiftPackageReference "seamlesspay-ios" */;
			productName = SeamlessPay;
		};
		C84371932D95A4BC007E2484 /* SeamlessPay */ = {
			isa = XCSwiftPackageProductDependency;
			productName = SeamlessPay;
		};
		C86306F32D78777C002899CA /* SeamlessPay */ = {
			isa = XCSwiftPackageProductDependency;
			productName = SeamlessPay;
		};
		C86306FA2D78D23E002899CA /* SeamlessPay */ = {
			isa = XCSwiftPackageProductDependency;
			productName = SeamlessPay;
		};
		C8B532392D9A8F1D00F3004A /* SeamlessPay */ = {
			isa = XCSwiftPackageProductDependency;
			productName = SeamlessPay;
		};
/* End XCSwiftPackageProductDependency section */
	};
	rootObject = 6312C9C42BEBB6EB00F99DC6 /* Project object */;
}
